
Microsoft Visual Studio Solution File, Format Version 12.00
# Visual Studio Version 17
VisualStudioVersion = 17.11.35312.102
MinimumVisualStudioVersion = 10.0.40219.1
Project("{2150E333-8FDC-42A3-9474-1A3956D46DE8}") = "Task0", "Task0", "{8FCFF819-FB65-4B4E-A8C4-B487A2F11428}"
EndProject
Project("{FAE04EC0-301F-11D3-BF4B-00C04F79EFBC}") = "Tyuiu.KordonKD.Sprint1.Task0.V5", "Tyuiu.KordonKD.Sprint1.Task0.V5\Tyuiu.KordonKD.Sprint1.Task0.V5.csproj", "{89EC5DBE-2EF4-48B5-8E77-E802936782F8}"
EndProject
Project("{FAE04EC0-301F-11D3-BF4B-00C04F79EFBC}") = "Tyuiu.KordonKD.Sprint1.Task0.V5.Lib", "Tyuiu.KordonKD.Sprint1.Task0.V5.Lib\Tyuiu.KordonKD.Sprint1.Task0.V5.Lib.csproj", "{31D25DD9-A957-4663-84B9-48DCB530FD5F}"
EndProject
Project("{FAE04EC0-301F-11D3-BF4B-00C04F79EFBC}") = "Tyuiu.KordonKD.Sprint1.Task0.V5.Test", "Tyuiu.KordonKD.Sprint1.Task0.V5.Test\Tyuiu.KordonKD.Sprint1.Task0.V5.Test.csproj", "{63D8B49C-3089-4ECE-B466-A4691A2985BB}"
EndProject
Project("{2150E333-8FDC-42A3-9474-1A3956D46DE8}") = "Task1", "Task1", "{4831B962-BE54-42C8-8BEC-559F6EA4759C}"
EndProject
Project("{FAE04EC0-301F-11D3-BF4B-00C04F79EFBC}") = "Tyuiu.KordonKD.Sprint1.Task1.V3", "Tyuiu.KordonKD.Sprint1.Task1.V3\Tyuiu.KordonKD.Sprint1.Task1.V3.csproj", "{C409B41C-C18F-4091-9C0D-5A2EDEEAE832}"
EndProject
Project("{FAE04EC0-301F-11D3-BF4B-00C04F79EFBC}") = "Tyuiu.KordonKD.Sprint1.Task1.V3.Lib", "Tyuiu.KordonKD.Sprint1.Task1.V3.Lib\Tyuiu.KordonKD.Sprint1.Task1.V3.Lib.csproj", "{C72712B3-50B0-435E-BFE3-BEE60EEDDA95}"
EndProject
Project("{FAE04EC0-301F-11D3-BF4B-00C04F79EFBC}") = "Tyuiu.KordonKD.Sprint1.Task1.V3.Test", "Tyuiu.KordonKD.Sprint1.Task1.V3.Test\Tyuiu.KordonKD.Sprint1.Task1.V3.Test.csproj", "{F27294C6-4082-4B00-B407-DDAA9D47C1DE}"
EndProject
Project("{2150E333-8FDC-42A3-9474-1A3956D46DE8}") = "Task3", "Task3", "{25F3D6A4-372B-40C3-B4EB-7E00E9CAF65D}"
EndProject
Project("{FAE04EC0-301F-11D3-BF4B-00C04F79EFBC}") = "Tyuiu.KordonKD.Sprint1.Task3.V15", "Tyuiu.KordonKD.Sprint1.Task3.V15\Tyuiu.KordonKD.Sprint1.Task3.V15.csproj", "{93A21CD5-D31E-478F-8E07-F24E0F621FB7}"
EndProject
Project("{FAE04EC0-301F-11D3-BF4B-00C04F79EFBC}") = "Tyuiu.KordonKD.Sprint1.Task3.V15.Lib", "Tyuiu.KordonKD.Sprint1.Task3.V15.Lib\Tyuiu.KordonKD.Sprint1.Task3.V15.Lib.csproj", "{9B73352D-1B47-4CAD-ABB0-3677A382B28F}"
EndProject
Project("{FAE04EC0-301F-11D3-BF4B-00C04F79EFBC}") = "Tyuiu.KordonKD.Sprint1.Task3.V15.Test", "Tyuiu.KordonKD.Sprint1.Task3.V15.Test\Tyuiu.KordonKD.Sprint1.Task3.V15.Test.csproj", "{5B6A14FE-50CD-47D6-9418-27240A9F9B95}"
EndProject
Project("{2150E333-8FDC-42A3-9474-1A3956D46DE8}") = "Task4", "Task4", "{C9EE5A44-BCE3-495F-AF16-E08767FAA500}"
EndProject
Project("{FAE04EC0-301F-11D3-BF4B-00C04F79EFBC}") = "Tyuiu.KordonKD.Sprint1.Task4.V2", "Tyuiu.KordonKD.Sprint1.Task4.V2\Tyuiu.KordonKD.Sprint1.Task4.V2.csproj", "{88414118-0036-491E-9B64-7B273ACCC70B}"
EndProject
Project("{FAE04EC0-301F-11D3-BF4B-00C04F79EFBC}") = "Tyuiu.KordonKD.Sprint1.Task4.V2.Lib", "Tyuiu.KordonKD.Sprint1.Task4.V2.Lib\Tyuiu.KordonKD.Sprint1.Task4.V2.Lib.csproj", "{980A15C6-513E-4DAA-AB69-A7A289BD4029}"
EndProject
Project("{FAE04EC0-301F-11D3-BF4B-00C04F79EFBC}") = "Tyuiu.KordonKD.Sprint1.Task4.V2.Test", "Tyuiu.KordonKD.Sprint1.Task4.V2.Test\Tyuiu.KordonKD.Sprint1.Task4.V2.Test.csproj", "{F332A01A-2890-4E36-961E-0FCC73F1ACE3}"
EndProject
Global
	GlobalSection(SolutionConfigurationPlatforms) = preSolution
		Debug|Any CPU = Debug|Any CPU
		Release|Any CPU = Release|Any CPU
	EndGlobalSection
	GlobalSection(ProjectConfigurationPlatforms) = postSolution
		{89EC5DBE-2EF4-48B5-8E77-E802936782F8}.Debug|Any CPU.ActiveCfg = Debug|Any CPU
		{89EC5DBE-2EF4-48B5-8E77-E802936782F8}.Debug|Any CPU.Build.0 = Debug|Any CPU
		{89EC5DBE-2EF4-48B5-8E77-E802936782F8}.Release|Any CPU.ActiveCfg = Release|Any CPU
		{89EC5DBE-2EF4-48B5-8E77-E802936782F8}.Release|Any CPU.Build.0 = Release|Any CPU
		{31D25DD9-A957-4663-84B9-48DCB530FD5F}.Debug|Any CPU.ActiveCfg = Debug|Any CPU
		{31D25DD9-A957-4663-84B9-48DCB530FD5F}.Debug|Any CPU.Build.0 = Debug|Any CPU
		{31D25DD9-A957-4663-84B9-48DCB530FD5F}.Release|Any CPU.ActiveCfg = Release|Any CPU
		{31D25DD9-A957-4663-84B9-48DCB530FD5F}.Release|Any CPU.Build.0 = Release|Any CPU
		{63D8B49C-3089-4ECE-B466-A4691A2985BB}.Debug|Any CPU.ActiveCfg = Debug|Any CPU
		{63D8B49C-3089-4ECE-B466-A4691A2985BB}.Debug|Any CPU.Build.0 = Debug|Any CPU
		{63D8B49C-3089-4ECE-B466-A4691A2985BB}.Release|Any CPU.ActiveCfg = Release|Any CPU
		{63D8B49C-3089-4ECE-B466-A4691A2985BB}.Release|Any CPU.Build.0 = Release|Any CPU
		{C409B41C-C18F-4091-9C0D-5A2EDEEAE832}.Debug|Any CPU.ActiveCfg = Debug|Any CPU
		{C409B41C-C18F-4091-9C0D-5A2EDEEAE832}.Debug|Any CPU.Build.0 = Debug|Any CPU
		{C409B41C-C18F-4091-9C0D-5A2EDEEAE832}.Release|Any CPU.ActiveCfg = Release|Any CPU
		{C409B41C-C18F-4091-9C0D-5A2EDEEAE832}.Release|Any CPU.Build.0 = Release|Any CPU
		{C72712B3-50B0-435E-BFE3-BEE60EEDDA95}.Debug|Any CPU.ActiveCfg = Debug|Any CPU
		{C72712B3-50B0-435E-BFE3-BEE60EEDDA95}.Debug|Any CPU.Build.0 = Debug|Any CPU
		{C72712B3-50B0-435E-BFE3-BEE60EEDDA95}.Release|Any CPU.ActiveCfg = Release|Any CPU
		{C72712B3-50B0-435E-BFE3-BEE60EEDDA95}.Release|Any CPU.Build.0 = Release|Any CPU
		{F27294C6-4082-4B00-B407-DDAA9D47C1DE}.Debug|Any CPU.ActiveCfg = Debug|Any CPU
		{F27294C6-4082-4B00-B407-DDAA9D47C1DE}.Debug|Any CPU.Build.0 = Debug|Any CPU
		{F27294C6-4082-4B00-B407-DDAA9D47C1DE}.Release|Any CPU.ActiveCfg = Release|Any CPU
		{F27294C6-4082-4B00-B407-DDAA9D47C1DE}.Release|Any CPU.Build.0 = Release|Any CPU
		{93A21CD5-D31E-478F-8E07-F24E0F621FB7}.Debug|Any CPU.ActiveCfg = Debug|Any CPU
		{93A21CD5-D31E-478F-8E07-F24E0F621FB7}.Debug|Any CPU.Build.0 = Debug|Any CPU
		{93A21CD5-D31E-478F-8E07-F24E0F621FB7}.Release|Any CPU.ActiveCfg = Release|Any CPU
		{93A21CD5-D31E-478F-8E07-F24E0F621FB7}.Release|Any CPU.Build.0 = Release|Any CPU
		{9B73352D-1B47-4CAD-ABB0-3677A382B28F}.Debug|Any CPU.ActiveCfg = Debug|Any CPU
		{9B73352D-1B47-4CAD-ABB0-3677A382B28F}.Debug|Any CPU.Build.0 = Debug|Any CPU
		{9B73352D-1B47-4CAD-ABB0-3677A382B28F}.Release|Any CPU.ActiveCfg = Release|Any CPU
		{9B73352D-1B47-4CAD-ABB0-3677A382B28F}.Release|Any CPU.Build.0 = Release|Any CPU
		{5B6A14FE-50CD-47D6-9418-27240A9F9B95}.Debug|Any CPU.ActiveCfg = Debug|Any CPU
		{5B6A14FE-50CD-47D6-9418-27240A9F9B95}.Debug|Any CPU.Build.0 = Debug|Any CPU
		{5B6A14FE-50CD-47D6-9418-27240A9F9B95}.Release|Any CPU.ActiveCfg = Release|Any CPU
		{5B6A14FE-50CD-47D6-9418-27240A9F9B95}.Release|Any CPU.Build.0 = Release|Any CPU
		{88414118-0036-491E-9B64-7B273ACCC70B}.Debug|Any CPU.ActiveCfg = Debug|Any CPU
		{88414118-0036-491E-9B64-7B273ACCC70B}.Debug|Any CPU.Build.0 = Debug|Any CPU
		{88414118-0036-491E-9B64-7B273ACCC70B}.Release|Any CPU.ActiveCfg = Release|Any CPU
		{88414118-0036-491E-9B64-7B273ACCC70B}.Release|Any CPU.Build.0 = Release|Any CPU
		{980A15C6-513E-4DAA-AB69-A7A289BD4029}.Debug|Any CPU.ActiveCfg = Debug|Any CPU
		{980A15C6-513E-4DAA-AB69-A7A289BD4029}.Debug|Any CPU.Build.0 = Debug|Any CPU
		{980A15C6-513E-4DAA-AB69-A7A289BD4029}.Release|Any CPU.ActiveCfg = Release|Any CPU
		{980A15C6-513E-4DAA-AB69-A7A289BD4029}.Release|Any CPU.Build.0 = Release|Any CPU
		{F332A01A-2890-4E36-961E-0FCC73F1ACE3}.Debug|Any CPU.ActiveCfg = Debug|Any CPU
		{F332A01A-2890-4E36-961E-0FCC73F1ACE3}.Debug|Any CPU.Build.0 = Debug|Any CPU
		{F332A01A-2890-4E36-961E-0FCC73F1ACE3}.Release|Any CPU.ActiveCfg = Release|Any CPU
		{F332A01A-2890-4E36-961E-0FCC73F1ACE3}.Release|Any CPU.Build.0 = Release|Any CPU
	EndGlobalSection
	GlobalSection(SolutionProperties) = preSolution
		HideSolutionNode = FALSE
	EndGlobalSection
	GlobalSection(NestedProjects) = preSolution
		{89EC5DBE-2EF4-48B5-8E77-E802936782F8} = {8FCFF819-FB65-4B4E-A8C4-B487A2F11428}
		{31D25DD9-A957-4663-84B9-48DCB530FD5F} = {8FCFF819-FB65-4B4E-A8C4-B487A2F11428}
		{63D8B49C-3089-4ECE-B466-A4691A2985BB} = {8FCFF819-FB65-4B4E-A8C4-B487A2F11428}
		{C409B41C-C18F-4091-9C0D-5A2EDEEAE832} = {4831B962-BE54-42C8-8BEC-559F6EA4759C}
		{C72712B3-50B0-435E-BFE3-BEE60EEDDA95} = {4831B962-BE54-42C8-8BEC-559F6EA4759C}
		{F27294C6-4082-4B00-B407-DDAA9D47C1DE} = {4831B962-BE54-42C8-8BEC-559F6EA4759C}
		{93A21CD5-D31E-478F-8E07-F24E0F621FB7} = {25F3D6A4-372B-40C3-B4EB-7E00E9CAF65D}
		{9B73352D-1B47-4CAD-ABB0-3677A382B28F} = {25F3D6A4-372B-40C3-B4EB-7E00E9CAF65D}
		{5B6A14FE-50CD-47D6-9418-27240A9F9B95} = {25F3D6A4-372B-40C3-B4EB-7E00E9CAF65D}
		{88414118-0036-491E-9B64-7B273ACCC70B} = {C9EE5A44-BCE3-495F-AF16-E08767FAA500}
		{980A15C6-513E-4DAA-AB69-A7A289BD4029} = {C9EE5A44-BCE3-495F-AF16-E08767FAA500}
		{F332A01A-2890-4E36-961E-0FCC73F1ACE3} = {C9EE5A44-BCE3-495F-AF16-E08767FAA500}
	EndGlobalSection
	GlobalSection(ExtensibilityGlobals) = postSolution
		SolutionGuid = {9484AF4A-6C31-45E3-96B4-6111FC5CB9F5}
	EndGlobalSection
EndGlobal
